// !$*UTF8*$!
{
	archiveVersion = 1;
	classes = {
	};
	objectVersion = 56;
	objects = {

/* Begin PBXBuildFile section */
		2039C8F32B4D3083005E8210 /* ProgressHUD in Frameworks */ = {isa = PBXBuildFile; productRef = 2039C8F22B4D3083005E8210 /* ProgressHUD */; };
		2039C8F52B4EB4C5005E8210 /* UIBlockingProgressHUD.swift in Sources */ = {isa = PBXBuildFile; fileRef = 2039C8F42B4EB4C5005E8210 /* UIBlockingProgressHUD.swift */; };
		2039C8F72B4FDB7C005E8210 /* ProfileService.swift in Sources */ = {isa = PBXBuildFile; fileRef = 2039C8F62B4FDB7C005E8210 /* ProfileService.swift */; };
		2039C8F92B4FE922005E8210 /* ProfileResultModel.swift in Sources */ = {isa = PBXBuildFile; fileRef = 2039C8F82B4FE922005E8210 /* ProfileResultModel.swift */; };
		2039C8FB2B557820005E8210 /* ProfileImageService.swift in Sources */ = {isa = PBXBuildFile; fileRef = 2039C8FA2B557820005E8210 /* ProfileImageService.swift */; };
		2039C8FD2B5582FE005E8210 /* ProfileImageModel.swift in Sources */ = {isa = PBXBuildFile; fileRef = 2039C8FC2B5582FE005E8210 /* ProfileImageModel.swift */; };
		2048AB9D2B0F5C5900F2D907 /* ProfileViewController.swift in Sources */ = {isa = PBXBuildFile; fileRef = 2048AB9C2B0F5C5900F2D907 /* ProfileViewController.swift */; };
		2048ABA02B18962D00F2D907 /* SingleImageViewController.swift in Sources */ = {isa = PBXBuildFile; fileRef = 2048AB9F2B18962D00F2D907 /* SingleImageViewController.swift */; };
		2060F0332B57FA94006529DD /* UrlSessionExtension.swift in Sources */ = {isa = PBXBuildFile; fileRef = 2060F0322B57FA94006529DD /* UrlSessionExtension.swift */; };
		2060F0362B580FF2006529DD /* AlertPresenter.swift in Sources */ = {isa = PBXBuildFile; fileRef = 2060F0352B580FF2006529DD /* AlertPresenter.swift */; };
		2060F0382B58101C006529DD /* AlertModel.swift in Sources */ = {isa = PBXBuildFile; fileRef = 2060F0372B58101C006529DD /* AlertModel.swift */; };
		207FF18E2B622E4C003B23C4 /* Date+Extensions.swift in Sources */ = {isa = PBXBuildFile; fileRef = 207FF18D2B622E4C003B23C4 /* Date+Extensions.swift */; };
		207FF19D2B69096E003B23C4 /* WebViewPresenter.swift in Sources */ = {isa = PBXBuildFile; fileRef = 207FF19C2B69096E003B23C4 /* WebViewPresenter.swift */; };
		207FF1A02B691B3B003B23C4 /* AuthHelper.swift in Sources */ = {isa = PBXBuildFile; fileRef = 207FF19F2B691B3B003B23C4 /* AuthHelper.swift */; };
		207FF1A82B693C51003B23C4 /* ImageFeedTest.swift in Sources */ = {isa = PBXBuildFile; fileRef = 207FF1A72B693C51003B23C4 /* ImageFeedTest.swift */; };
		207FF1AF2B697463003B23C4 /* WebViewPresenterSpy.swift in Sources */ = {isa = PBXBuildFile; fileRef = 207FF1AE2B697463003B23C4 /* WebViewPresenterSpy.swift */; };
		207FF1B12B6A5642003B23C4 /* WebViewViewControllerSpy.swift in Sources */ = {isa = PBXBuildFile; fileRef = 207FF1B02B6A5642003B23C4 /* WebViewViewControllerSpy.swift */; };
		207FF1B32B6A6950003B23C4 /* ProfileViewPresenter.swift in Sources */ = {isa = PBXBuildFile; fileRef = 207FF1B22B6A6950003B23C4 /* ProfileViewPresenter.swift */; };
		207FF1B52B6A78E5003B23C4 /* ImageListPresenter.swift in Sources */ = {isa = PBXBuildFile; fileRef = 207FF1B42B6A78E5003B23C4 /* ImageListPresenter.swift */; };
		207FF1B72B6A8C3B003B23C4 /* ProfileViewTests.swift in Sources */ = {isa = PBXBuildFile; fileRef = 207FF1B62B6A8C3B003B23C4 /* ProfileViewTests.swift */; };
		207FF1B92B6A8FAC003B23C4 /* ProfileViewPresenterSpy.swift in Sources */ = {isa = PBXBuildFile; fileRef = 207FF1B82B6A8FAC003B23C4 /* ProfileViewPresenterSpy.swift */; };
		207FF1BB2B6B79B7003B23C4 /* ProfileViewControllerSpy.swift in Sources */ = {isa = PBXBuildFile; fileRef = 207FF1BA2B6B79B7003B23C4 /* ProfileViewControllerSpy.swift */; };
		207FF1BD2B710B86003B23C4 /* ImagesListTests.swift in Sources */ = {isa = PBXBuildFile; fileRef = 207FF1BC2B710B86003B23C4 /* ImagesListTests.swift */; };
		207FF1BF2B710BEB003B23C4 /* ImagesListPresenterSpy.swift in Sources */ = {isa = PBXBuildFile; fileRef = 207FF1BE2B710BEB003B23C4 /* ImagesListPresenterSpy.swift */; };
		207FF1C12B7110E6003B23C4 /* ImagesListControllerSpy.swift in Sources */ = {isa = PBXBuildFile; fileRef = 207FF1C02B7110E6003B23C4 /* ImagesListControllerSpy.swift */; };
		20A2F56A2B590BAB00ADE31E /* Kingfisher in Frameworks */ = {isa = PBXBuildFile; productRef = 20A2F5692B590BAB00ADE31E /* Kingfisher */; };
		20A2F56D2B59181E00ADE31E /* SwiftKeychainWrapper in Frameworks */ = {isa = PBXBuildFile; productRef = 20A2F56C2B59181E00ADE31E /* SwiftKeychainWrapper */; };
		20A2F5702B5927B400ADE31E /* TabBarController.swift.swift in Sources */ = {isa = PBXBuildFile; fileRef = 20A2F56F2B5927B400ADE31E /* TabBarController.swift.swift */; };
		20A2F5732B5A6DE700ADE31E /* ProfileModel.swift in Sources */ = {isa = PBXBuildFile; fileRef = 20A2F5722B5A6DE700ADE31E /* ProfileModel.swift */; };
		20A2F5752B5AA70400ADE31E /* ImagesListService.swift in Sources */ = {isa = PBXBuildFile; fileRef = 20A2F5742B5AA70400ADE31E /* ImagesListService.swift */; };
		20A2F5772B5AA74B00ADE31E /* PhotoModel.swift in Sources */ = {isa = PBXBuildFile; fileRef = 20A2F5762B5AA74B00ADE31E /* PhotoModel.swift */; };
		20A2F5792B613B3400ADE31E /* PhotoResultModel.swift in Sources */ = {isa = PBXBuildFile; fileRef = 20A2F5782B613B3400ADE31E /* PhotoResultModel.swift */; };
		20A2F57B2B613B4000ADE31E /* UrlResultModel.swift in Sources */ = {isa = PBXBuildFile; fileRef = 20A2F57A2B613B4000ADE31E /* UrlResultModel.swift */; };
		20C1FBCA2AF37FE200FD152E /* AppDelegate.swift in Sources */ = {isa = PBXBuildFile; fileRef = 20C1FBC92AF37FE200FD152E /* AppDelegate.swift */; };
		20C1FBCC2AF37FE200FD152E /* SceneDelegate.swift in Sources */ = {isa = PBXBuildFile; fileRef = 20C1FBCB2AF37FE200FD152E /* SceneDelegate.swift */; };
		20C1FBCE2AF37FE200FD152E /* ImagesListViewController.swift in Sources */ = {isa = PBXBuildFile; fileRef = 20C1FBCD2AF37FE200FD152E /* ImagesListViewController.swift */; };
		20C1FBD32AF37FE300FD152E /* Assets.xcassets in Resources */ = {isa = PBXBuildFile; fileRef = 20C1FBD22AF37FE300FD152E /* Assets.xcassets */; };
		20C1FBD62AF37FE300FD152E /* LaunchScreen.storyboard in Resources */ = {isa = PBXBuildFile; fileRef = 20C1FBD42AF37FE300FD152E /* LaunchScreen.storyboard */; };
		20C1FBFE2B0381B800FD152E /* Main.storyboard in Resources */ = {isa = PBXBuildFile; fileRef = 20C1FBFD2B0381B800FD152E /* Main.storyboard */; };
		20C1FC002B03897500FD152E /* ImagesListCell.swift in Sources */ = {isa = PBXBuildFile; fileRef = 20C1FBFF2B03897500FD152E /* ImagesListCell.swift */; };
		20D659612B28567F00A81538 /* Constants.swift in Sources */ = {isa = PBXBuildFile; fileRef = 20D659602B28567F00A81538 /* Constants.swift */; };
		20D659642B29C7EB00A81538 /* AuthViewController.swift in Sources */ = {isa = PBXBuildFile; fileRef = 20D659632B29C7EB00A81538 /* AuthViewController.swift */; };
		20D659662B29CD8500A81538 /* WebViewViewController.swift in Sources */ = {isa = PBXBuildFile; fileRef = 20D659652B29CD8500A81538 /* WebViewViewController.swift */; };
		20D659692B34269500A81538 /* OAuthTokenResponseModel.swift in Sources */ = {isa = PBXBuildFile; fileRef = 20D659682B34269500A81538 /* OAuthTokenResponseModel.swift */; };
		20D6596C2B342F1700A81538 /* OAuth2Service.swift in Sources */ = {isa = PBXBuildFile; fileRef = 20D6596B2B342F1700A81538 /* OAuth2Service.swift */; };
		20D6596E2B344A5A00A81538 /* OAuth2TokenStorage.swift in Sources */ = {isa = PBXBuildFile; fileRef = 20D6596D2B344A5A00A81538 /* OAuth2TokenStorage.swift */; };
		20D659712B37400D00A81538 /* SplashViewController.swift in Sources */ = {isa = PBXBuildFile; fileRef = 20D659702B37400D00A81538 /* SplashViewController.swift */; };
/* End PBXBuildFile section */

/* Begin PBXContainerItemProxy section */
		207FF1A92B693C51003B23C4 /* PBXContainerItemProxy */ = {
			isa = PBXContainerItemProxy;
			containerPortal = 20C1FBBE2AF37FE200FD152E /* Project object */;
			proxyType = 1;
			remoteGlobalIDString = 20C1FBC52AF37FE200FD152E;
			remoteInfo = ImageFeed;
		};
/* End PBXContainerItemProxy section */

/* Begin PBXFileReference section */
		2039C8F42B4EB4C5005E8210 /* UIBlockingProgressHUD.swift */ = {isa = PBXFileReference; lastKnownFileType = sourcecode.swift; path = UIBlockingProgressHUD.swift; sourceTree = "<group>"; };
		2039C8F62B4FDB7C005E8210 /* ProfileService.swift */ = {isa = PBXFileReference; lastKnownFileType = sourcecode.swift; path = ProfileService.swift; sourceTree = "<group>"; };
		2039C8F82B4FE922005E8210 /* ProfileResultModel.swift */ = {isa = PBXFileReference; lastKnownFileType = sourcecode.swift; path = ProfileResultModel.swift; sourceTree = "<group>"; };
		2039C8FA2B557820005E8210 /* ProfileImageService.swift */ = {isa = PBXFileReference; lastKnownFileType = sourcecode.swift; path = ProfileImageService.swift; sourceTree = "<group>"; };
		2039C8FC2B5582FE005E8210 /* ProfileImageModel.swift */ = {isa = PBXFileReference; lastKnownFileType = sourcecode.swift; path = ProfileImageModel.swift; sourceTree = "<group>"; };
		2048AB9C2B0F5C5900F2D907 /* ProfileViewController.swift */ = {isa = PBXFileReference; lastKnownFileType = sourcecode.swift; path = ProfileViewController.swift; sourceTree = "<group>"; };
		2048AB9F2B18962D00F2D907 /* SingleImageViewController.swift */ = {isa = PBXFileReference; lastKnownFileType = sourcecode.swift; path = SingleImageViewController.swift; sourceTree = "<group>"; };
		2060F0322B57FA94006529DD /* UrlSessionExtension.swift */ = {isa = PBXFileReference; lastKnownFileType = sourcecode.swift; path = UrlSessionExtension.swift; sourceTree = "<group>"; };
		2060F0352B580FF2006529DD /* AlertPresenter.swift */ = {isa = PBXFileReference; lastKnownFileType = sourcecode.swift; path = AlertPresenter.swift; sourceTree = "<group>"; };
		2060F0372B58101C006529DD /* AlertModel.swift */ = {isa = PBXFileReference; lastKnownFileType = sourcecode.swift; path = AlertModel.swift; sourceTree = "<group>"; };
		207FF18D2B622E4C003B23C4 /* Date+Extensions.swift */ = {isa = PBXFileReference; lastKnownFileType = sourcecode.swift; path = "Date+Extensions.swift"; sourceTree = "<group>"; };
		207FF19C2B69096E003B23C4 /* WebViewPresenter.swift */ = {isa = PBXFileReference; lastKnownFileType = sourcecode.swift; path = WebViewPresenter.swift; sourceTree = "<group>"; };
		207FF19F2B691B3B003B23C4 /* AuthHelper.swift */ = {isa = PBXFileReference; lastKnownFileType = sourcecode.swift; path = AuthHelper.swift; sourceTree = "<group>"; };
		207FF1A52B693C51003B23C4 /* ImageFeedTest.xctest */ = {isa = PBXFileReference; explicitFileType = wrapper.cfbundle; includeInIndex = 0; path = ImageFeedTest.xctest; sourceTree = BUILT_PRODUCTS_DIR; };
		207FF1A72B693C51003B23C4 /* ImageFeedTest.swift */ = {isa = PBXFileReference; lastKnownFileType = sourcecode.swift; path = ImageFeedTest.swift; sourceTree = "<group>"; };
		207FF1AE2B697463003B23C4 /* WebViewPresenterSpy.swift */ = {isa = PBXFileReference; lastKnownFileType = sourcecode.swift; path = WebViewPresenterSpy.swift; sourceTree = "<group>"; };
		207FF1B02B6A5642003B23C4 /* WebViewViewControllerSpy.swift */ = {isa = PBXFileReference; lastKnownFileType = sourcecode.swift; path = WebViewViewControllerSpy.swift; sourceTree = "<group>"; };
		207FF1B22B6A6950003B23C4 /* ProfileViewPresenter.swift */ = {isa = PBXFileReference; lastKnownFileType = sourcecode.swift; path = ProfileViewPresenter.swift; sourceTree = "<group>"; };
		207FF1B42B6A78E5003B23C4 /* ImageListPresenter.swift */ = {isa = PBXFileReference; lastKnownFileType = sourcecode.swift; path = ImageListPresenter.swift; sourceTree = "<group>"; };
		207FF1B62B6A8C3B003B23C4 /* ProfileViewTests.swift */ = {isa = PBXFileReference; lastKnownFileType = sourcecode.swift; path = ProfileViewTests.swift; sourceTree = "<group>"; };
		207FF1B82B6A8FAC003B23C4 /* ProfileViewPresenterSpy.swift */ = {isa = PBXFileReference; lastKnownFileType = sourcecode.swift; path = ProfileViewPresenterSpy.swift; sourceTree = "<group>"; };
		207FF1BA2B6B79B7003B23C4 /* ProfileViewControllerSpy.swift */ = {isa = PBXFileReference; lastKnownFileType = sourcecode.swift; path = ProfileViewControllerSpy.swift; sourceTree = "<group>"; };
		207FF1BC2B710B86003B23C4 /* ImagesListTests.swift */ = {isa = PBXFileReference; lastKnownFileType = sourcecode.swift; path = ImagesListTests.swift; sourceTree = "<group>"; };
		207FF1BE2B710BEB003B23C4 /* ImagesListPresenterSpy.swift */ = {isa = PBXFileReference; lastKnownFileType = sourcecode.swift; path = ImagesListPresenterSpy.swift; sourceTree = "<group>"; };
		207FF1C02B7110E6003B23C4 /* ImagesListControllerSpy.swift */ = {isa = PBXFileReference; lastKnownFileType = sourcecode.swift; path = ImagesListControllerSpy.swift; sourceTree = "<group>"; };
		20A2F56F2B5927B400ADE31E /* TabBarController.swift.swift */ = {isa = PBXFileReference; lastKnownFileType = sourcecode.swift; path = TabBarController.swift.swift; sourceTree = "<group>"; };
		20A2F5722B5A6DE700ADE31E /* ProfileModel.swift */ = {isa = PBXFileReference; lastKnownFileType = sourcecode.swift; path = ProfileModel.swift; sourceTree = "<group>"; };
		20A2F5742B5AA70400ADE31E /* ImagesListService.swift */ = {isa = PBXFileReference; lastKnownFileType = sourcecode.swift; path = ImagesListService.swift; sourceTree = "<group>"; };
		20A2F5762B5AA74B00ADE31E /* PhotoModel.swift */ = {isa = PBXFileReference; lastKnownFileType = sourcecode.swift; path = PhotoModel.swift; sourceTree = "<group>"; };
		20A2F5782B613B3400ADE31E /* PhotoResultModel.swift */ = {isa = PBXFileReference; lastKnownFileType = sourcecode.swift; path = PhotoResultModel.swift; sourceTree = "<group>"; };
		20A2F57A2B613B4000ADE31E /* UrlResultModel.swift */ = {isa = PBXFileReference; lastKnownFileType = sourcecode.swift; path = UrlResultModel.swift; sourceTree = "<group>"; };
		20C1FBC62AF37FE200FD152E /* ImageFeed.app */ = {isa = PBXFileReference; explicitFileType = wrapper.application; includeInIndex = 0; path = ImageFeed.app; sourceTree = BUILT_PRODUCTS_DIR; };
		20C1FBC92AF37FE200FD152E /* AppDelegate.swift */ = {isa = PBXFileReference; lastKnownFileType = sourcecode.swift; path = AppDelegate.swift; sourceTree = "<group>"; };
		20C1FBCB2AF37FE200FD152E /* SceneDelegate.swift */ = {isa = PBXFileReference; lastKnownFileType = sourcecode.swift; path = SceneDelegate.swift; sourceTree = "<group>"; };
		20C1FBCD2AF37FE200FD152E /* ImagesListViewController.swift */ = {isa = PBXFileReference; lastKnownFileType = sourcecode.swift; path = ImagesListViewController.swift; sourceTree = "<group>"; };
		20C1FBD22AF37FE300FD152E /* Assets.xcassets */ = {isa = PBXFileReference; lastKnownFileType = folder.assetcatalog; path = Assets.xcassets; sourceTree = "<group>"; };
		20C1FBD52AF37FE300FD152E /* Base */ = {isa = PBXFileReference; lastKnownFileType = file.storyboard; name = Base; path = Base.lproj/LaunchScreen.storyboard; sourceTree = "<group>"; };
		20C1FBD72AF37FE300FD152E /* Info.plist */ = {isa = PBXFileReference; lastKnownFileType = text.plist.xml; path = Info.plist; sourceTree = "<group>"; };
		20C1FBFD2B0381B800FD152E /* Main.storyboard */ = {isa = PBXFileReference; fileEncoding = 4; lastKnownFileType = file.storyboard; path = Main.storyboard; sourceTree = "<group>"; };
		20C1FBFF2B03897500FD152E /* ImagesListCell.swift */ = {isa = PBXFileReference; lastKnownFileType = sourcecode.swift; path = ImagesListCell.swift; sourceTree = "<group>"; };
		20D659602B28567F00A81538 /* Constants.swift */ = {isa = PBXFileReference; lastKnownFileType = sourcecode.swift; path = Constants.swift; sourceTree = "<group>"; };
		20D659632B29C7EB00A81538 /* AuthViewController.swift */ = {isa = PBXFileReference; lastKnownFileType = sourcecode.swift; path = AuthViewController.swift; sourceTree = "<group>"; };
		20D659652B29CD8500A81538 /* WebViewViewController.swift */ = {isa = PBXFileReference; lastKnownFileType = sourcecode.swift; path = WebViewViewController.swift; sourceTree = "<group>"; };
		20D659682B34269500A81538 /* OAuthTokenResponseModel.swift */ = {isa = PBXFileReference; lastKnownFileType = sourcecode.swift; path = OAuthTokenResponseModel.swift; sourceTree = "<group>"; };
		20D6596B2B342F1700A81538 /* OAuth2Service.swift */ = {isa = PBXFileReference; lastKnownFileType = sourcecode.swift; path = OAuth2Service.swift; sourceTree = "<group>"; };
		20D6596D2B344A5A00A81538 /* OAuth2TokenStorage.swift */ = {isa = PBXFileReference; lastKnownFileType = sourcecode.swift; path = OAuth2TokenStorage.swift; sourceTree = "<group>"; };
		20D659702B37400D00A81538 /* SplashViewController.swift */ = {isa = PBXFileReference; lastKnownFileType = sourcecode.swift; path = SplashViewController.swift; sourceTree = "<group>"; };
/* End PBXFileReference section */

/* Begin PBXFrameworksBuildPhase section */
		207FF1A22B693C51003B23C4 /* Frameworks */ = {
			isa = PBXFrameworksBuildPhase;
			buildActionMask = 2147483647;
			files = (
			);
			runOnlyForDeploymentPostprocessing = 0;
		};
		20C1FBC32AF37FE200FD152E /* Frameworks */ = {
			isa = PBXFrameworksBuildPhase;
			buildActionMask = 2147483647;
			files = (
				20A2F56A2B590BAB00ADE31E /* Kingfisher in Frameworks */,
				2039C8F32B4D3083005E8210 /* ProgressHUD in Frameworks */,
				20A2F56D2B59181E00ADE31E /* SwiftKeychainWrapper in Frameworks */,
			);
			runOnlyForDeploymentPostprocessing = 0;
		};
/* End PBXFrameworksBuildPhase section */

/* Begin PBXGroup section */
		2048AB9B2B0F5C3B00F2D907 /* Profile */ = {
			isa = PBXGroup;
			children = (
				2048AB9C2B0F5C5900F2D907 /* ProfileViewController.swift */,
				207FF1B22B6A6950003B23C4 /* ProfileViewPresenter.swift */,
			);
			path = Profile;
			sourceTree = "<group>";
		};
		2048ABA12B189B6600F2D907 /* SingleImageViewController */ = {
			isa = PBXGroup;
			children = (
				2048AB9F2B18962D00F2D907 /* SingleImageViewController.swift */,
			);
			path = SingleImageViewController;
			sourceTree = "<group>";
		};
		2060F0312B57FA79006529DD /* Extensions */ = {
			isa = PBXGroup;
			children = (
				2060F0322B57FA94006529DD /* UrlSessionExtension.swift */,
				207FF18D2B622E4C003B23C4 /* Date+Extensions.swift */,
			);
			path = Extensions;
			sourceTree = "<group>";
		};
		2060F0342B580FE1006529DD /* Presenters */ = {
			isa = PBXGroup;
			children = (
				2060F0352B580FF2006529DD /* AlertPresenter.swift */,
			);
			path = Presenters;
			sourceTree = "<group>";
		};
		207FF19E2B691B25003B23C4 /* Helpers */ = {
			isa = PBXGroup;
			children = (
				207FF19F2B691B3B003B23C4 /* AuthHelper.swift */,
			);
			path = Helpers;
			sourceTree = "<group>";
		};
		207FF1A62B693C51003B23C4 /* ImageFeedTest */ = {
			isa = PBXGroup;
			children = (
				207FF1A72B693C51003B23C4 /* ImageFeedTest.swift */,
				207FF1AE2B697463003B23C4 /* WebViewPresenterSpy.swift */,
				207FF1B02B6A5642003B23C4 /* WebViewViewControllerSpy.swift */,
				207FF1B62B6A8C3B003B23C4 /* ProfileViewTests.swift */,
				207FF1B82B6A8FAC003B23C4 /* ProfileViewPresenterSpy.swift */,
				207FF1BA2B6B79B7003B23C4 /* ProfileViewControllerSpy.swift */,
				207FF1BC2B710B86003B23C4 /* ImagesListTests.swift */,
				207FF1BE2B710BEB003B23C4 /* ImagesListPresenterSpy.swift */,
				207FF1C02B7110E6003B23C4 /* ImagesListControllerSpy.swift */,
			);
			path = ImageFeedTest;
			sourceTree = "<group>";
		};
		20A2F56E2B5927A200ADE31E /* Controllers */ = {
			isa = PBXGroup;
			children = (
				20D659622B29C7CD00A81538 /* Auth */,
				20C1FC012B038BA600FD152E /* ImagesList */,
				2048AB9B2B0F5C3B00F2D907 /* Profile */,
				2048ABA12B189B6600F2D907 /* SingleImageViewController */,
				20D6596F2B37400400A81538 /* SplashViewController */,
				20A2F5712B5927BF00ADE31E /* TabBar */,
			);
			path = Controllers;
			sourceTree = "<group>";
		};
		20A2F5712B5927BF00ADE31E /* TabBar */ = {
			isa = PBXGroup;
			children = (
				20A2F56F2B5927B400ADE31E /* TabBarController.swift.swift */,
			);
			path = TabBar;
			sourceTree = "<group>";
		};
		20C1FBBD2AF37FE200FD152E = {
			isa = PBXGroup;
			children = (
				20C1FBC82AF37FE200FD152E /* ImageFeed */,
				207FF1A62B693C51003B23C4 /* ImageFeedTest */,
				20C1FBC72AF37FE200FD152E /* Products */,
			);
			sourceTree = "<group>";
		};
		20C1FBC72AF37FE200FD152E /* Products */ = {
			isa = PBXGroup;
			children = (
				20C1FBC62AF37FE200FD152E /* ImageFeed.app */,
				207FF1A52B693C51003B23C4 /* ImageFeedTest.xctest */,
			);
			name = Products;
			sourceTree = "<group>";
		};
		20C1FBC82AF37FE200FD152E /* ImageFeed */ = {
			isa = PBXGroup;
			children = (
				20A2F56E2B5927A200ADE31E /* Controllers */,
				2060F0342B580FE1006529DD /* Presenters */,
				2060F0312B57FA79006529DD /* Extensions */,
				20D6596A2B342F0700A81538 /* Service */,
				20D659672B34265A00A81538 /* Model */,
				20D6595F2B28566000A81538 /* Constants */,
				20C1FBC92AF37FE200FD152E /* AppDelegate.swift */,
				20C1FBCB2AF37FE200FD152E /* SceneDelegate.swift */,
				20C1FBFD2B0381B800FD152E /* Main.storyboard */,
				20C1FBD22AF37FE300FD152E /* Assets.xcassets */,
				20C1FBD42AF37FE300FD152E /* LaunchScreen.storyboard */,
				20C1FBD72AF37FE300FD152E /* Info.plist */,
			);
			path = ImageFeed;
			sourceTree = "<group>";
		};
		20C1FC012B038BA600FD152E /* ImagesList */ = {
			isa = PBXGroup;
			children = (
				20C1FBFF2B03897500FD152E /* ImagesListCell.swift */,
				20C1FBCD2AF37FE200FD152E /* ImagesListViewController.swift */,
				207FF1B42B6A78E5003B23C4 /* ImageListPresenter.swift */,
			);
			path = ImagesList;
			sourceTree = "<group>";
		};
		20D6595F2B28566000A81538 /* Constants */ = {
			isa = PBXGroup;
			children = (
				20D659602B28567F00A81538 /* Constants.swift */,
			);
			path = Constants;
			sourceTree = "<group>";
		};
		20D659622B29C7CD00A81538 /* Auth */ = {
			isa = PBXGroup;
			children = (
				207FF19E2B691B25003B23C4 /* Helpers */,
				20D659632B29C7EB00A81538 /* AuthViewController.swift */,
				20D659652B29CD8500A81538 /* WebViewViewController.swift */,
				207FF19C2B69096E003B23C4 /* WebViewPresenter.swift */,
			);
			path = Auth;
			sourceTree = "<group>";
		};
		20D659672B34265A00A81538 /* Model */ = {
			isa = PBXGroup;
			children = (
				20D659682B34269500A81538 /* OAuthTokenResponseModel.swift */,
				2039C8F82B4FE922005E8210 /* ProfileResultModel.swift */,
				2039C8FC2B5582FE005E8210 /* ProfileImageModel.swift */,
				2060F0372B58101C006529DD /* AlertModel.swift */,
				20A2F5722B5A6DE700ADE31E /* ProfileModel.swift */,
				20A2F5762B5AA74B00ADE31E /* PhotoModel.swift */,
				20A2F5782B613B3400ADE31E /* PhotoResultModel.swift */,
				20A2F57A2B613B4000ADE31E /* UrlResultModel.swift */,
			);
			path = Model;
			sourceTree = "<group>";
		};
		20D6596A2B342F0700A81538 /* Service */ = {
			isa = PBXGroup;
			children = (
				20D6596B2B342F1700A81538 /* OAuth2Service.swift */,
				20D6596D2B344A5A00A81538 /* OAuth2TokenStorage.swift */,
				2039C8F42B4EB4C5005E8210 /* UIBlockingProgressHUD.swift */,
				2039C8F62B4FDB7C005E8210 /* ProfileService.swift */,
				2039C8FA2B557820005E8210 /* ProfileImageService.swift */,
				20A2F5742B5AA70400ADE31E /* ImagesListService.swift */,
			);
			path = Service;
			sourceTree = "<group>";
		};
		20D6596F2B37400400A81538 /* SplashViewController */ = {
			isa = PBXGroup;
			children = (
				20D659702B37400D00A81538 /* SplashViewController.swift */,
			);
			path = SplashViewController;
			sourceTree = "<group>";
		};
/* End PBXGroup section */

/* Begin PBXNativeTarget section */
		207FF1A42B693C51003B23C4 /* ImageFeedTest */ = {
			isa = PBXNativeTarget;
			buildConfigurationList = 207FF1AB2B693C51003B23C4 /* Build configuration list for PBXNativeTarget "ImageFeedTest" */;
			buildPhases = (
				207FF1A12B693C51003B23C4 /* Sources */,
				207FF1A22B693C51003B23C4 /* Frameworks */,
				207FF1A32B693C51003B23C4 /* Resources */,
			);
			buildRules = (
			);
			dependencies = (
				207FF1AA2B693C51003B23C4 /* PBXTargetDependency */,
			);
			name = ImageFeedTest;
			productName = ImageFeedTest;
			productReference = 207FF1A52B693C51003B23C4 /* ImageFeedTest.xctest */;
			productType = "com.apple.product-type.bundle.unit-test";
		};
		20C1FBC52AF37FE200FD152E /* ImageFeed */ = {
			isa = PBXNativeTarget;
			buildConfigurationList = 20C1FBDA2AF37FE300FD152E /* Build configuration list for PBXNativeTarget "ImageFeed" */;
			buildPhases = (
				20C1FBC22AF37FE200FD152E /* Sources */,
				20C1FBC32AF37FE200FD152E /* Frameworks */,
				20C1FBC42AF37FE200FD152E /* Resources */,
			);
			buildRules = (
			);
			dependencies = (
			);
			name = ImageFeed;
			packageProductDependencies = (
				2039C8F22B4D3083005E8210 /* ProgressHUD */,
				20A2F5692B590BAB00ADE31E /* Kingfisher */,
				20A2F56C2B59181E00ADE31E /* SwiftKeychainWrapper */,
			);
			productName = ImageFeed;
			productReference = 20C1FBC62AF37FE200FD152E /* ImageFeed.app */;
			productType = "com.apple.product-type.application";
		};
/* End PBXNativeTarget section */

/* Begin PBXProject section */
		20C1FBBE2AF37FE200FD152E /* Project object */ = {
			isa = PBXProject;
			attributes = {
				BuildIndependentTargetsInParallel = 1;
				LastSwiftUpdateCheck = 1430;
				LastUpgradeCheck = 1430;
				TargetAttributes = {
					207FF1A42B693C51003B23C4 = {
						CreatedOnToolsVersion = 14.3.1;
						TestTargetID = 20C1FBC52AF37FE200FD152E;
					};
					20C1FBC52AF37FE200FD152E = {
						CreatedOnToolsVersion = 14.3.1;
					};
				};
			};
			buildConfigurationList = 20C1FBC12AF37FE200FD152E /* Build configuration list for PBXProject "ImageFeed" */;
			compatibilityVersion = "Xcode 14.0";
			developmentRegion = en;
			hasScannedForEncodings = 0;
			knownRegions = (
				en,
				Base,
			);
			mainGroup = 20C1FBBD2AF37FE200FD152E;
			packageReferences = (
				2039C8F12B4D3083005E8210 /* XCRemoteSwiftPackageReference "ProgressHUD" */,
				20A2F5682B590BAB00ADE31E /* XCRemoteSwiftPackageReference "Kingfisher" */,
				20A2F56B2B59181E00ADE31E /* XCRemoteSwiftPackageReference "SwiftKeychainWrapper" */,
			);
			productRefGroup = 20C1FBC72AF37FE200FD152E /* Products */;
			projectDirPath = "";
			projectRoot = "";
			targets = (
				20C1FBC52AF37FE200FD152E /* ImageFeed */,
				207FF1A42B693C51003B23C4 /* ImageFeedTest */,
			);
		};
/* End PBXProject section */

/* Begin PBXResourcesBuildPhase section */
		207FF1A32B693C51003B23C4 /* Resources */ = {
			isa = PBXResourcesBuildPhase;
			buildActionMask = 2147483647;
			files = (
			);
			runOnlyForDeploymentPostprocessing = 0;
		};
		20C1FBC42AF37FE200FD152E /* Resources */ = {
			isa = PBXResourcesBuildPhase;
			buildActionMask = 2147483647;
			files = (
				20C1FBFE2B0381B800FD152E /* Main.storyboard in Resources */,
				20C1FBD62AF37FE300FD152E /* LaunchScreen.storyboard in Resources */,
				20C1FBD32AF37FE300FD152E /* Assets.xcassets in Resources */,
			);
			runOnlyForDeploymentPostprocessing = 0;
		};
/* End PBXResourcesBuildPhase section */

/* Begin PBXSourcesBuildPhase section */
		207FF1A12B693C51003B23C4 /* Sources */ = {
			isa = PBXSourcesBuildPhase;
			buildActionMask = 2147483647;
			files = (
				207FF1B72B6A8C3B003B23C4 /* ProfileViewTests.swift in Sources */,
				207FF1B92B6A8FAC003B23C4 /* ProfileViewPresenterSpy.swift in Sources */,
				207FF1A82B693C51003B23C4 /* ImageFeedTest.swift in Sources */,
				207FF1B12B6A5642003B23C4 /* WebViewViewControllerSpy.swift in Sources */,
				207FF1BD2B710B86003B23C4 /* ImagesListTests.swift in Sources */,
				207FF1C12B7110E6003B23C4 /* ImagesListControllerSpy.swift in Sources */,
				207FF1BF2B710BEB003B23C4 /* ImagesListPresenterSpy.swift in Sources */,
				207FF1AF2B697463003B23C4 /* WebViewPresenterSpy.swift in Sources */,
				207FF1BB2B6B79B7003B23C4 /* ProfileViewControllerSpy.swift in Sources */,
			);
			runOnlyForDeploymentPostprocessing = 0;
		};
		20C1FBC22AF37FE200FD152E /* Sources */ = {
			isa = PBXSourcesBuildPhase;
			buildActionMask = 2147483647;
			files = (
				20D6596E2B344A5A00A81538 /* OAuth2TokenStorage.swift in Sources */,
				20D659692B34269500A81538 /* OAuthTokenResponseModel.swift in Sources */,
				20C1FBCE2AF37FE200FD152E /* ImagesListViewController.swift in Sources */,
				20A2F57B2B613B4000ADE31E /* UrlResultModel.swift in Sources */,
				20C1FC002B03897500FD152E /* ImagesListCell.swift in Sources */,
				2060F0382B58101C006529DD /* AlertModel.swift in Sources */,
				2039C8F92B4FE922005E8210 /* ProfileResultModel.swift in Sources */,
				207FF1B32B6A6950003B23C4 /* ProfileViewPresenter.swift in Sources */,
				2048AB9D2B0F5C5900F2D907 /* ProfileViewController.swift in Sources */,
				2039C8FB2B557820005E8210 /* ProfileImageService.swift in Sources */,
				207FF1B52B6A78E5003B23C4 /* ImageListPresenter.swift in Sources */,
				207FF18E2B622E4C003B23C4 /* Date+Extensions.swift in Sources */,
				20D6596C2B342F1700A81538 /* OAuth2Service.swift in Sources */,
				2060F0332B57FA94006529DD /* UrlSessionExtension.swift in Sources */,
				20D659712B37400D00A81538 /* SplashViewController.swift in Sources */,
				20C1FBCA2AF37FE200FD152E /* AppDelegate.swift in Sources */,
				20A2F5702B5927B400ADE31E /* TabBarController.swift.swift in Sources */,
				20A2F5752B5AA70400ADE31E /* ImagesListService.swift in Sources */,
				20D659642B29C7EB00A81538 /* AuthViewController.swift in Sources */,
				207FF1A02B691B3B003B23C4 /* AuthHelper.swift in Sources */,
				20D659612B28567F00A81538 /* Constants.swift in Sources */,
				2048ABA02B18962D00F2D907 /* SingleImageViewController.swift in Sources */,
				20A2F5792B613B3400ADE31E /* PhotoResultModel.swift in Sources */,
				20D659662B29CD8500A81538 /* WebViewViewController.swift in Sources */,
				2060F0362B580FF2006529DD /* AlertPresenter.swift in Sources */,
				207FF19D2B69096E003B23C4 /* WebViewPresenter.swift in Sources */,
				20C1FBCC2AF37FE200FD152E /* SceneDelegate.swift in Sources */,
				20A2F5732B5A6DE700ADE31E /* ProfileModel.swift in Sources */,
				2039C8F52B4EB4C5005E8210 /* UIBlockingProgressHUD.swift in Sources */,
				2039C8F72B4FDB7C005E8210 /* ProfileService.swift in Sources */,
				20A2F5772B5AA74B00ADE31E /* PhotoModel.swift in Sources */,
				2039C8FD2B5582FE005E8210 /* ProfileImageModel.swift in Sources */,
			);
			runOnlyForDeploymentPostprocessing = 0;
		};
/* End PBXSourcesBuildPhase section */

/* Begin PBXTargetDependency section */
		207FF1AA2B693C51003B23C4 /* PBXTargetDependency */ = {
			isa = PBXTargetDependency;
			target = 20C1FBC52AF37FE200FD152E /* ImageFeed */;
			targetProxy = 207FF1A92B693C51003B23C4 /* PBXContainerItemProxy */;
		};
/* End PBXTargetDependency section */

/* Begin PBXVariantGroup section */
		20C1FBD42AF37FE300FD152E /* LaunchScreen.storyboard */ = {
			isa = PBXVariantGroup;
			children = (
				20C1FBD52AF37FE300FD152E /* Base */,
			);
			name = LaunchScreen.storyboard;
			sourceTree = "<group>";
		};
/* End PBXVariantGroup section */

/* Begin XCBuildConfiguration section */
		207FF1AC2B693C51003B23C4 /* Debug */ = {
			isa = XCBuildConfiguration;
			buildSettings = {
				BUNDLE_LOADER = "$(TEST_HOST)";
				CODE_SIGN_STYLE = Automatic;
				CURRENT_PROJECT_VERSION = 1;
				DEVELOPMENT_TEAM = QV9853JV3C;
				GENERATE_INFOPLIST_FILE = YES;
				IPHONEOS_DEPLOYMENT_TARGET = 16.4;
				MARKETING_VERSION = 1.0;
				PRODUCT_BUNDLE_IDENTIFIER = ru.antutu.ImageFeedTest;
				PRODUCT_NAME = "$(TARGET_NAME)";
				SWIFT_EMIT_LOC_STRINGS = NO;
				SWIFT_VERSION = 5.0;
				TARGETED_DEVICE_FAMILY = "1,2";
				TEST_HOST = "$(BUILT_PRODUCTS_DIR)/ImageFeed.app/$(BUNDLE_EXECUTABLE_FOLDER_PATH)/ImageFeed";
			};
			name = Debug;
		};
		207FF1AD2B693C51003B23C4 /* Release */ = {
			isa = XCBuildConfiguration;
			buildSettings = {
				BUNDLE_LOADER = "$(TEST_HOST)";
				CODE_SIGN_STYLE = Automatic;
				CURRENT_PROJECT_VERSION = 1;
				DEVELOPMENT_TEAM = QV9853JV3C;
				GENERATE_INFOPLIST_FILE = YES;
				IPHONEOS_DEPLOYMENT_TARGET = 16.4;
				MARKETING_VERSION = 1.0;
				PRODUCT_BUNDLE_IDENTIFIER = ru.antutu.ImageFeedTest;
				PRODUCT_NAME = "$(TARGET_NAME)";
				SWIFT_EMIT_LOC_STRINGS = NO;
				SWIFT_VERSION = 5.0;
				TARGETED_DEVICE_FAMILY = "1,2";
				TEST_HOST = "$(BUILT_PRODUCTS_DIR)/ImageFeed.app/$(BUNDLE_EXECUTABLE_FOLDER_PATH)/ImageFeed";
			};
			name = Release;
		};
		20C1FBD82AF37FE300FD152E /* Debug */ = {
			isa = XCBuildConfiguration;
			buildSettings = {
				ALWAYS_SEARCH_USER_PATHS = NO;
				CLANG_ANALYZER_NONNULL = YES;
				CLANG_ANALYZER_NUMBER_OBJECT_CONVERSION = YES_AGGRESSIVE;
				CLANG_CXX_LANGUAGE_STANDARD = "gnu++20";
				CLANG_ENABLE_MODULES = YES;
				CLANG_ENABLE_OBJC_ARC = YES;
				CLANG_ENABLE_OBJC_WEAK = YES;
				CLANG_WARN_BLOCK_CAPTURE_AUTORELEASING = YES;
				CLANG_WARN_BOOL_CONVERSION = YES;
				CLANG_WARN_COMMA = YES;
				CLANG_WARN_CONSTANT_CONVERSION = YES;
				CLANG_WARN_DEPRECATED_OBJC_IMPLEMENTATIONS = YES;
				CLANG_WARN_DIRECT_OBJC_ISA_USAGE = YES_ERROR;
				CLANG_WARN_DOCUMENTATION_COMMENTS = YES;
				CLANG_WARN_EMPTY_BODY = YES;
				CLANG_WARN_ENUM_CONVERSION = YES;
				CLANG_WARN_INFINITE_RECURSION = YES;
				CLANG_WARN_INT_CONVERSION = YES;
				CLANG_WARN_NON_LITERAL_NULL_CONVERSION = YES;
				CLANG_WARN_OBJC_IMPLICIT_RETAIN_SELF = YES;
				CLANG_WARN_OBJC_LITERAL_CONVERSION = YES;
				CLANG_WARN_OBJC_ROOT_CLASS = YES_ERROR;
				CLANG_WARN_QUOTED_INCLUDE_IN_FRAMEWORK_HEADER = YES;
				CLANG_WARN_RANGE_LOOP_ANALYSIS = YES;
				CLANG_WARN_STRICT_PROTOTYPES = YES;
				CLANG_WARN_SUSPICIOUS_MOVE = YES;
				CLANG_WARN_UNGUARDED_AVAILABILITY = YES_AGGRESSIVE;
				CLANG_WARN_UNREACHABLE_CODE = YES;
				CLANG_WARN__DUPLICATE_METHOD_MATCH = YES;
				COPY_PHASE_STRIP = NO;
				DEBUG_INFORMATION_FORMAT = dwarf;
				ENABLE_STRICT_OBJC_MSGSEND = YES;
				ENABLE_TESTABILITY = YES;
				GCC_C_LANGUAGE_STANDARD = gnu11;
				GCC_DYNAMIC_NO_PIC = NO;
				GCC_NO_COMMON_BLOCKS = YES;
				GCC_OPTIMIZATION_LEVEL = 0;
				GCC_PREPROCESSOR_DEFINITIONS = (
					"DEBUG=1",
					"$(inherited)",
				);
				GCC_WARN_64_TO_32_BIT_CONVERSION = YES;
				GCC_WARN_ABOUT_RETURN_TYPE = YES_ERROR;
				GCC_WARN_UNDECLARED_SELECTOR = YES;
				GCC_WARN_UNINITIALIZED_AUTOS = YES_AGGRESSIVE;
				GCC_WARN_UNUSED_FUNCTION = YES;
				GCC_WARN_UNUSED_VARIABLE = YES;
				IPHONEOS_DEPLOYMENT_TARGET = 13.0;
				MTL_ENABLE_DEBUG_INFO = INCLUDE_SOURCE;
				MTL_FAST_MATH = YES;
				ONLY_ACTIVE_ARCH = YES;
				SDKROOT = iphoneos;
				SWIFT_ACTIVE_COMPILATION_CONDITIONS = DEBUG;
				SWIFT_OPTIMIZATION_LEVEL = "-Onone";
			};
			name = Debug;
		};
		20C1FBD92AF37FE300FD152E /* Release */ = {
			isa = XCBuildConfiguration;
			buildSettings = {
				ALWAYS_SEARCH_USER_PATHS = NO;
				CLANG_ANALYZER_NONNULL = YES;
				CLANG_ANALYZER_NUMBER_OBJECT_CONVERSION = YES_AGGRESSIVE;
				CLANG_CXX_LANGUAGE_STANDARD = "gnu++20";
				CLANG_ENABLE_MODULES = YES;
				CLANG_ENABLE_OBJC_ARC = YES;
				CLANG_ENABLE_OBJC_WEAK = YES;
				CLANG_WARN_BLOCK_CAPTURE_AUTORELEASING = YES;
				CLANG_WARN_BOOL_CONVERSION = YES;
				CLANG_WARN_COMMA = YES;
				CLANG_WARN_CONSTANT_CONVERSION = YES;
				CLANG_WARN_DEPRECATED_OBJC_IMPLEMENTATIONS = YES;
				CLANG_WARN_DIRECT_OBJC_ISA_USAGE = YES_ERROR;
				CLANG_WARN_DOCUMENTATION_COMMENTS = YES;
				CLANG_WARN_EMPTY_BODY = YES;
				CLANG_WARN_ENUM_CONVERSION = YES;
				CLANG_WARN_INFINITE_RECURSION = YES;
				CLANG_WARN_INT_CONVERSION = YES;
				CLANG_WARN_NON_LITERAL_NULL_CONVERSION = YES;
				CLANG_WARN_OBJC_IMPLICIT_RETAIN_SELF = YES;
				CLANG_WARN_OBJC_LITERAL_CONVERSION = YES;
				CLANG_WARN_OBJC_ROOT_CLASS = YES_ERROR;
				CLANG_WARN_QUOTED_INCLUDE_IN_FRAMEWORK_HEADER = YES;
				CLANG_WARN_RANGE_LOOP_ANALYSIS = YES;
				CLANG_WARN_STRICT_PROTOTYPES = YES;
				CLANG_WARN_SUSPICIOUS_MOVE = YES;
				CLANG_WARN_UNGUARDED_AVAILABILITY = YES_AGGRESSIVE;
				CLANG_WARN_UNREACHABLE_CODE = YES;
				CLANG_WARN__DUPLICATE_METHOD_MATCH = YES;
				COPY_PHASE_STRIP = NO;
				DEBUG_INFORMATION_FORMAT = "dwarf-with-dsym";
				ENABLE_NS_ASSERTIONS = NO;
				ENABLE_STRICT_OBJC_MSGSEND = YES;
				GCC_C_LANGUAGE_STANDARD = gnu11;
				GCC_NO_COMMON_BLOCKS = YES;
				GCC_WARN_64_TO_32_BIT_CONVERSION = YES;
				GCC_WARN_ABOUT_RETURN_TYPE = YES_ERROR;
				GCC_WARN_UNDECLARED_SELECTOR = YES;
				GCC_WARN_UNINITIALIZED_AUTOS = YES_AGGRESSIVE;
				GCC_WARN_UNUSED_FUNCTION = YES;
				GCC_WARN_UNUSED_VARIABLE = YES;
				IPHONEOS_DEPLOYMENT_TARGET = 13.0;
				MTL_ENABLE_DEBUG_INFO = NO;
				MTL_FAST_MATH = YES;
				SDKROOT = iphoneos;
				SWIFT_COMPILATION_MODE = wholemodule;
				SWIFT_OPTIMIZATION_LEVEL = "-O";
				VALIDATE_PRODUCT = YES;
			};
			name = Release;
		};
		20C1FBDB2AF37FE300FD152E /* Debug */ = {
			isa = XCBuildConfiguration;
			buildSettings = {
				ASSETCATALOG_COMPILER_APPICON_NAME = AppIcon;
				ASSETCATALOG_COMPILER_GLOBAL_ACCENT_COLOR_NAME = AccentColor;
				CODE_SIGN_STYLE = Automatic;
				CURRENT_PROJECT_VERSION = 1;
				DEVELOPMENT_TEAM = QV9853JV3C;
				GENERATE_INFOPLIST_FILE = YES;
				INFOPLIST_FILE = ImageFeed/Info.plist;
				INFOPLIST_KEY_UIApplicationSupportsIndirectInputEvents = YES;
				INFOPLIST_KEY_UILaunchStoryboardName = LaunchScreen;
				INFOPLIST_KEY_UIMainStoryboardFile = Main;
				INFOPLIST_KEY_UISupportedInterfaceOrientations = UIInterfaceOrientationPortrait;
				IPHONEOS_DEPLOYMENT_TARGET = 13.0;
				LD_RUNPATH_SEARCH_PATHS = (
					"$(inherited)",
					"@executable_path/Frameworks",
				);
				MARKETING_VERSION = 1.0;
				PRODUCT_BUNDLE_IDENTIFIER = ru.antutu.ImageFeed;
				PRODUCT_NAME = "$(TARGET_NAME)";
				SUPPORTED_PLATFORMS = "iphoneos iphonesimulator";
				SUPPORTS_MACCATALYST = NO;
				SUPPORTS_MAC_DESIGNED_FOR_IPHONE_IPAD = NO;
				SWIFT_EMIT_LOC_STRINGS = YES;
				SWIFT_VERSION = 5.0;
				TARGETED_DEVICE_FAMILY = 1;
			};
			name = Debug;
		};
		20C1FBDC2AF37FE300FD152E /* Release */ = {
			isa = XCBuildConfiguration;
			buildSettings = {
				ASSETCATALOG_COMPILER_APPICON_NAME = AppIcon;
				ASSETCATALOG_COMPILER_GLOBAL_ACCENT_COLOR_NAME = AccentColor;
				CODE_SIGN_STYLE = Automatic;
				CURRENT_PROJECT_VERSION = 1;
				DEVELOPMENT_TEAM = QV9853JV3C;
				GENERATE_INFOPLIST_FILE = YES;
				INFOPLIST_FILE = ImageFeed/Info.plist;
				INFOPLIST_KEY_UIApplicationSupportsIndirectInputEvents = YES;
				INFOPLIST_KEY_UILaunchStoryboardName = LaunchScreen;
				INFOPLIST_KEY_UIMainStoryboardFile = Main;
				INFOPLIST_KEY_UISupportedInterfaceOrientations = UIInterfaceOrientationPortrait;
				IPHONEOS_DEPLOYMENT_TARGET = 13.0;
				LD_RUNPATH_SEARCH_PATHS = (
					"$(inherited)",
					"@executable_path/Frameworks",
				);
				MARKETING_VERSION = 1.0;
				PRODUCT_BUNDLE_IDENTIFIER = ru.antutu.ImageFeed;
				PRODUCT_NAME = "$(TARGET_NAME)";
				SUPPORTED_PLATFORMS = "iphoneos iphonesimulator";
				SUPPORTS_MACCATALYST = NO;
				SUPPORTS_MAC_DESIGNED_FOR_IPHONE_IPAD = NO;
				SWIFT_EMIT_LOC_STRINGS = YES;
				SWIFT_VERSION = 5.0;
				TARGETED_DEVICE_FAMILY = 1;
			};
			name = Release;
		};
/* End XCBuildConfiguration section */

/* Begin XCConfigurationList section */
		207FF1AB2B693C51003B23C4 /* Build configuration list for PBXNativeTarget "ImageFeedTest" */ = {
			isa = XCConfigurationList;
			buildConfigurations = (
				207FF1AC2B693C51003B23C4 /* Debug */,
				207FF1AD2B693C51003B23C4 /* Release */,
			);
			defaultConfigurationIsVisible = 0;
			defaultConfigurationName = Release;
		};
		20C1FBC12AF37FE200FD152E /* Build configuration list for PBXProject "ImageFeed" */ = {
			isa = XCConfigurationList;
			buildConfigurations = (
				20C1FBD82AF37FE300FD152E /* Debug */,
				20C1FBD92AF37FE300FD152E /* Release */,
			);
			defaultConfigurationIsVisible = 0;
			defaultConfigurationName = Release;
		};
		20C1FBDA2AF37FE300FD152E /* Build configuration list for PBXNativeTarget "ImageFeed" */ = {
			isa = XCConfigurationList;
			buildConfigurations = (
				20C1FBDB2AF37FE300FD152E /* Debug */,
				20C1FBDC2AF37FE300FD152E /* Release */,
			);
			defaultConfigurationIsVisible = 0;
			defaultConfigurationName = Release;
		};
/* End XCConfigurationList section */

/* Begin XCRemoteSwiftPackageReference section */
		2039C8F12B4D3083005E8210 /* XCRemoteSwiftPackageReference "ProgressHUD" */ = {
			isa = XCRemoteSwiftPackageReference;
			repositoryURL = "https://github.com/relatedcode/ProgressHUD";
			requirement = {
				kind = exactVersion;
				version = 13.6.1;
			};
		};
		20A2F5682B590BAB00ADE31E /* XCRemoteSwiftPackageReference "Kingfisher" */ = {
			isa = XCRemoteSwiftPackageReference;
			repositoryURL = "https://github.com/onevcat/Kingfisher";
			requirement = {
				kind = exactVersion;
				version = 7.10.2;
			};
		};
		20A2F56B2B59181E00ADE31E /* XCRemoteSwiftPackageReference "SwiftKeychainWrapper" */ = {
			isa = XCRemoteSwiftPackageReference;
			repositoryURL = "https://github.com/jrendel/SwiftKeychainWrapper";
			requirement = {
				kind = exactVersion;
				version = 4.0.1;
			};
		};
/* End XCRemoteSwiftPackageReference section */

/* Begin XCSwiftPackageProductDependency section */
		2039C8F22B4D3083005E8210 /* ProgressHUD */ = {
			isa = XCSwiftPackageProductDependency;
			package = 2039C8F12B4D3083005E8210 /* XCRemoteSwiftPackageReference "ProgressHUD" */;
			productName = ProgressHUD;
		};
		20A2F5692B590BAB00ADE31E /* Kingfisher */ = {
			isa = XCSwiftPackageProductDependency;
			package = 20A2F5682B590BAB00ADE31E /* XCRemoteSwiftPackageReference "Kingfisher" */;
			productName = Kingfisher;
		};
		20A2F56C2B59181E00ADE31E /* SwiftKeychainWrapper */ = {
			isa = XCSwiftPackageProductDependency;
			package = 20A2F56B2B59181E00ADE31E /* XCRemoteSwiftPackageReference "SwiftKeychainWrapper" */;
			productName = SwiftKeychainWrapper;
		};
/* End XCSwiftPackageProductDependency section */
	};
	rootObject = 20C1FBBE2AF37FE200FD152E /* Project object */;
}
